{
  "name": "dfa-lib",
  "version": "0.0.3",
  "lockfileVersion": 2,
  "requires": true,
  "packages": {
    "": {
      "name": "dfa-lib",
      "version": "0.0.3",
      "license": "MIT",
      "dependencies": {
        "cfgrammar-tool": "^1.0.0"
      },
      "devDependencies": {}
    },
    "node_modules/cfgrammar-tool": {
      "version": "1.0.0",
      "resolved": "https://registry.npmjs.org/cfgrammar-tool/-/cfgrammar-tool-1.0.0.tgz",
      "integrity": "sha512-ILAskaNpILXdncBuxGCaHQVgdCQaX4yBivmfIhpHl+n696PWIteNBiXETNjcdMMNe/jx/TDYvx6zthxUma18ng=="
    }
  },
  "dependencies": {
    "cfgrammar-tool": {
      "version": "1.0.0",
      "resolved": "https://registry.npmjs.org/cfgrammar-tool/-/cfgrammar-tool-1.0.0.tgz",
      "integrity": "sha512-ILAskaNpILXdncBuxGCaHQVgdCQaX4yBivmfIhpHl+n696PWIteNBiXETNjcdMMNe/jx/TDYvx6zthxUma18ng=="
    }
  }
}
